
Microsoft Visual Studio Solution File, Format Version 12.00
# Visual Studio 15
VisualStudioVersion = 15.0.28307.1062
MinimumVisualStudioVersion = 10.0.40219.1
Project("{FAE04EC0-301F-11D3-BF4B-00C04F79EFBC}") = "ConsoleUI", "ConsoleUI2\ConsoleUI.csproj", "{7B4A3A77-0600-458B-A445-E814E0D23E28}"
EndProject
Project("{FAE04EC0-301F-11D3-BF4B-00C04F79EFBC}") = "DemoLibrary", "DemoLibrary\DemoLibrary.csproj", "{24852FC8-3E63-41A7-B091-93E28C37C7C2}"
EndProject
Global
	GlobalSection(SolutionConfigurationPlatforms) = preSolution
		Debug|Any CPU = Debug|Any CPU
		Release|Any CPU = Release|Any CPU
	EndGlobalSection
	GlobalSection(ProjectConfigurationPlatforms) = postSolution
		{7B4A3A77-0600-458B-A445-E814E0D23E28}.Debug|Any CPU.ActiveCfg = Debug|Any CPU
		{7B4A3A77-0600-458B-A445-E814E0D23E28}.Debug|Any CPU.Build.0 = Debug|Any CPU
		{7B4A3A77-0600-458B-A445-E814E0D23E28}.Release|Any CPU.ActiveCfg = Release|Any CPU
		{7B4A3A77-0600-458B-A445-E814E0D23E28}.Release|Any CPU.Build.0 = Release|Any CPU
		{24852FC8-3E63-41A7-B091-93E28C37C7C2}.Debug|Any CPU.ActiveCfg = Debug|Any CPU
		{24852FC8-3E63-41A7-B091-93E28C37C7C2}.Debug|Any CPU.Build.0 = Debug|Any CPU
		{24852FC8-3E63-41A7-B091-93E28C37C7C2}.Release|Any CPU.ActiveCfg = Release|Any CPU
		{24852FC8-3E63-41A7-B091-93E28C37C7C2}.Release|Any CPU.Build.0 = Release|Any CPU
	EndGlobalSection
	GlobalSection(SolutionProperties) = preSolution
		HideSolutionNode = FALSE
	EndGlobalSection
	GlobalSection(ExtensibilityGlobals) = postSolution
		SolutionGuid = {55FB6B0A-9140-4EBC-8A71-72884807E72F}
	EndGlobalSection
EndGlobal
